
Microsoft Visual Studio Solution File, Format Version 12.00
# Visual Studio Version 17
VisualStudioVersion = 17.1.32421.90
MinimumVisualStudioVersion = 10.0.40219.1
Project("{FAE04EC0-301F-11D3-BF4B-00C04F79EFBC}") = "Exercicio3", "Exercicio3\Exercicio3.csproj", "{66178FE1-A57D-48ED-83F3-B0C9A9B95F03}"
EndProject
Global
	GlobalSection(SolutionConfigurationPlatforms) = preSolution
		Debug|Any CPU = Debug|Any CPU
		Release|Any CPU = Release|Any CPU
	EndGlobalSection
	GlobalSection(ProjectConfigurationPlatforms) = postSolution
		{66178FE1-A57D-48ED-83F3-B0C9A9B95F03}.Debug|Any CPU.ActiveCfg = Debug|Any CPU
		{66178FE1-A57D-48ED-83F3-B0C9A9B95F03}.Debug|Any CPU.Build.0 = Debug|Any CPU
		{66178FE1-A57D-48ED-83F3-B0C9A9B95F03}.Release|Any CPU.ActiveCfg = Release|Any CPU
		{66178FE1-A57D-48ED-83F3-B0C9A9B95F03}.Release|Any CPU.Build.0 = Release|Any CPU
	EndGlobalSection
	GlobalSection(SolutionProperties) = preSolution
		HideSolutionNode = FALSE
	EndGlobalSection
	GlobalSection(ExtensibilityGlobals) = postSolution
		SolutionGuid = {61E3BF9C-7B71-4EDD-8B50-98F448A61810}
	EndGlobalSection
EndGlobal
